
Microsoft Visual Studio Solution File, Format Version 12.00
# Visual Studio Version 17
VisualStudioVersion = 17.0.32126.317
MinimumVisualStudioVersion = 10.0.40219.1
Project("{9A19103F-16F7-4668-BE54-9A1E7A4F7556}") = "Nepshop.Logic", "Nepshop.Logic\Nepshop.Logic.csproj", "{2F2CDD86-EE7D-4A54-BFFB-E415B84BC8B1}"
EndProject
Project("{9A19103F-16F7-4668-BE54-9A1E7A4F7556}") = "Nepshop.DAL", "Nepshop.DAL\Nepshop.DAL.csproj", "{54D28CAD-D403-4F57-9B79-438C6FDA309E}"
EndProject
Project("{9A19103F-16F7-4668-BE54-9A1E7A4F7556}") = "NepshopApp", "NepshopApp\NepshopApp.csproj", "{54C6498D-BB8D-4B65-845E-B5F446A9B269}"
EndProject
Project("{FAE04EC0-301F-11D3-BF4B-00C04F79EFBC}") = "UnitTests", "UnitTests\UnitTests.csproj", "{9EC17CE0-B5E6-458A-8E66-67DAACDEE162}"
EndProject
Global
	GlobalSection(SolutionConfigurationPlatforms) = preSolution
		Debug|Any CPU = Debug|Any CPU
		Release|Any CPU = Release|Any CPU
	EndGlobalSection
	GlobalSection(ProjectConfigurationPlatforms) = postSolution
		{2F2CDD86-EE7D-4A54-BFFB-E415B84BC8B1}.Debug|Any CPU.ActiveCfg = Debug|Any CPU
		{2F2CDD86-EE7D-4A54-BFFB-E415B84BC8B1}.Debug|Any CPU.Build.0 = Debug|Any CPU
		{2F2CDD86-EE7D-4A54-BFFB-E415B84BC8B1}.Release|Any CPU.ActiveCfg = Release|Any CPU
		{2F2CDD86-EE7D-4A54-BFFB-E415B84BC8B1}.Release|Any CPU.Build.0 = Release|Any CPU
		{54D28CAD-D403-4F57-9B79-438C6FDA309E}.Debug|Any CPU.ActiveCfg = Debug|Any CPU
		{54D28CAD-D403-4F57-9B79-438C6FDA309E}.Debug|Any CPU.Build.0 = Debug|Any CPU
		{54D28CAD-D403-4F57-9B79-438C6FDA309E}.Release|Any CPU.ActiveCfg = Release|Any CPU
		{54D28CAD-D403-4F57-9B79-438C6FDA309E}.Release|Any CPU.Build.0 = Release|Any CPU
		{54C6498D-BB8D-4B65-845E-B5F446A9B269}.Debug|Any CPU.ActiveCfg = Debug|Any CPU
		{54C6498D-BB8D-4B65-845E-B5F446A9B269}.Debug|Any CPU.Build.0 = Debug|Any CPU
		{54C6498D-BB8D-4B65-845E-B5F446A9B269}.Release|Any CPU.ActiveCfg = Release|Any CPU
		{54C6498D-BB8D-4B65-845E-B5F446A9B269}.Release|Any CPU.Build.0 = Release|Any CPU
		{9EC17CE0-B5E6-458A-8E66-67DAACDEE162}.Debug|Any CPU.ActiveCfg = Debug|Any CPU
		{9EC17CE0-B5E6-458A-8E66-67DAACDEE162}.Debug|Any CPU.Build.0 = Debug|Any CPU
		{9EC17CE0-B5E6-458A-8E66-67DAACDEE162}.Release|Any CPU.ActiveCfg = Release|Any CPU
		{9EC17CE0-B5E6-458A-8E66-67DAACDEE162}.Release|Any CPU.Build.0 = Release|Any CPU
	EndGlobalSection
	GlobalSection(SolutionProperties) = preSolution
		HideSolutionNode = FALSE
	EndGlobalSection
	GlobalSection(ExtensibilityGlobals) = postSolution
		SolutionGuid = {6CB30965-8714-4724-8EF3-C3A1918F7448}
	EndGlobalSection
EndGlobal
